// !$*UTF8*$!
{
	archiveVersion = 1;
	classes = {
	};
	objectVersion = 56;
	objects = {

/* Begin PBXBuildFile section */
		880D185C2C78CFA70045B789 /* HealthKitManager.swift in Sources */ = {isa = PBXBuildFile; fileRef = 880D185B2C78CFA70045B789 /* HealthKitManager.swift */; };
		8823EDCE2C6BA57200DEA8BA /* Step_TrackerApp.swift in Sources */ = {isa = PBXBuildFile; fileRef = 8823EDCD2C6BA57200DEA8BA /* Step_TrackerApp.swift */; };
		8823EDD02C6BA57200DEA8BA /* DashboardView.swift in Sources */ = {isa = PBXBuildFile; fileRef = 8823EDCF2C6BA57200DEA8BA /* DashboardView.swift */; };
		8823EDD22C6BA57300DEA8BA /* Assets.xcassets in Resources */ = {isa = PBXBuildFile; fileRef = 8823EDD12C6BA57300DEA8BA /* Assets.xcassets */; };
		8823EDD52C6BA57300DEA8BA /* Preview Assets.xcassets in Resources */ = {isa = PBXBuildFile; fileRef = 8823EDD42C6BA57300DEA8BA /* Preview Assets.xcassets */; };
		8842E1712C81D64500735DBF /* HealthMetric.swift in Sources */ = {isa = PBXBuildFile; fileRef = 8842E1702C81D64500735DBF /* HealthMetric.swift */; };
		885D1DC12C6F4D6A009B6788 /* HealthDataListView.swift in Sources */ = {isa = PBXBuildFile; fileRef = 885D1DC02C6F4D6A009B6788 /* HealthDataListView.swift */; };
		88E082092C90732100CD8873 /* StepBarChart.swift in Sources */ = {isa = PBXBuildFile; fileRef = 88E082082C90732100CD8873 /* StepBarChart.swift */; };
		88E0820F2C907D9D00CD8873 /* ChartMath.swift in Sources */ = {isa = PBXBuildFile; fileRef = 88E0820E2C907D9D00CD8873 /* ChartMath.swift */; };
		88E082112C907E0B00CD8873 /* ChartDataTypes.swift in Sources */ = {isa = PBXBuildFile; fileRef = 88E082102C907E0B00CD8873 /* ChartDataTypes.swift */; };
		88E082162C907F6200CD8873 /* Date+ext.swift in Sources */ = {isa = PBXBuildFile; fileRef = 88E082152C907F6200CD8873 /* Date+ext.swift */; };
		88E082192C91784600CD8873 /* Algorithms in Frameworks */ = {isa = PBXBuildFile; productRef = 88E082182C91784600CD8873 /* Algorithms */; };
		88E0821B2C917ED100CD8873 /* StepPieChart.swift in Sources */ = {isa = PBXBuildFile; fileRef = 88E0821A2C917ED100CD8873 /* StepPieChart.swift */; };
		88E1D7442C92D823002F3E50 /* WeightLineChart.swift in Sources */ = {isa = PBXBuildFile; fileRef = 88E1D7432C92D823002F3E50 /* WeightLineChart.swift */; };
		88E1D7472C92DB13002F3E50 /* MockData.swift in Sources */ = {isa = PBXBuildFile; fileRef = 88E1D7462C92DB13002F3E50 /* MockData.swift */; };
		88FD4DA12C74B255005D3BDB /* HealthKitPermissionPrimingView.swift in Sources */ = {isa = PBXBuildFile; fileRef = 88FD4DA02C74B255005D3BDB /* HealthKitPermissionPrimingView.swift */; };
/* End PBXBuildFile section */

/* Begin PBXFileReference section */
		880D185A2C78CE650045B789 /* Step Tracker.entitlements */ = {isa = PBXFileReference; lastKnownFileType = text.plist.entitlements; path = "Step Tracker.entitlements"; sourceTree = "<group>"; };
		880D185B2C78CFA70045B789 /* HealthKitManager.swift */ = {isa = PBXFileReference; lastKnownFileType = sourcecode.swift; path = HealthKitManager.swift; sourceTree = "<group>"; };
		8823EDCA2C6BA57200DEA8BA /* Step Tracker.app */ = {isa = PBXFileReference; explicitFileType = wrapper.application; includeInIndex = 0; path = "Step Tracker.app"; sourceTree = BUILT_PRODUCTS_DIR; };
		8823EDCD2C6BA57200DEA8BA /* Step_TrackerApp.swift */ = {isa = PBXFileReference; lastKnownFileType = sourcecode.swift; path = Step_TrackerApp.swift; sourceTree = "<group>"; };
		8823EDCF2C6BA57200DEA8BA /* DashboardView.swift */ = {isa = PBXFileReference; lastKnownFileType = sourcecode.swift; path = DashboardView.swift; sourceTree = "<group>"; };
		8823EDD12C6BA57300DEA8BA /* Assets.xcassets */ = {isa = PBXFileReference; lastKnownFileType = folder.assetcatalog; path = Assets.xcassets; sourceTree = "<group>"; };
		8823EDD42C6BA57300DEA8BA /* Preview Assets.xcassets */ = {isa = PBXFileReference; lastKnownFileType = folder.assetcatalog; path = "Preview Assets.xcassets"; sourceTree = "<group>"; };
		8842E1702C81D64500735DBF /* HealthMetric.swift */ = {isa = PBXFileReference; lastKnownFileType = sourcecode.swift; path = HealthMetric.swift; sourceTree = "<group>"; };
		885D1DC02C6F4D6A009B6788 /* HealthDataListView.swift */ = {isa = PBXFileReference; lastKnownFileType = sourcecode.swift; path = HealthDataListView.swift; sourceTree = "<group>"; };
		88E082082C90732100CD8873 /* StepBarChart.swift */ = {isa = PBXFileReference; lastKnownFileType = sourcecode.swift; path = StepBarChart.swift; sourceTree = "<group>"; };
		88E0820E2C907D9D00CD8873 /* ChartMath.swift */ = {isa = PBXFileReference; lastKnownFileType = sourcecode.swift; path = ChartMath.swift; sourceTree = "<group>"; };
		88E082102C907E0B00CD8873 /* ChartDataTypes.swift */ = {isa = PBXFileReference; lastKnownFileType = sourcecode.swift; path = ChartDataTypes.swift; sourceTree = "<group>"; };
		88E082152C907F6200CD8873 /* Date+ext.swift */ = {isa = PBXFileReference; lastKnownFileType = sourcecode.swift; path = "Date+ext.swift"; sourceTree = "<group>"; };
		88E0821A2C917ED100CD8873 /* StepPieChart.swift */ = {isa = PBXFileReference; lastKnownFileType = sourcecode.swift; path = StepPieChart.swift; sourceTree = "<group>"; };
		88E1D7432C92D823002F3E50 /* WeightLineChart.swift */ = {isa = PBXFileReference; lastKnownFileType = sourcecode.swift; path = WeightLineChart.swift; sourceTree = "<group>"; };
		88E1D7462C92DB13002F3E50 /* MockData.swift */ = {isa = PBXFileReference; lastKnownFileType = sourcecode.swift; path = MockData.swift; sourceTree = "<group>"; };
		88FD4DA02C74B255005D3BDB /* HealthKitPermissionPrimingView.swift */ = {isa = PBXFileReference; lastKnownFileType = sourcecode.swift; path = HealthKitPermissionPrimingView.swift; sourceTree = "<group>"; };
/* End PBXFileReference section */

/* Begin PBXFrameworksBuildPhase section */
		8823EDC72C6BA57200DEA8BA /* Frameworks */ = {
			isa = PBXFrameworksBuildPhase;
			buildActionMask = 2147483647;
			files = (
				88E082192C91784600CD8873 /* Algorithms in Frameworks */,
			);
			runOnlyForDeploymentPostprocessing = 0;
		};
/* End PBXFrameworksBuildPhase section */

/* Begin PBXGroup section */
		8823EDC12C6BA57200DEA8BA = {
			isa = PBXGroup;
			children = (
				8823EDCC2C6BA57200DEA8BA /* Step Tracker */,
				8823EDCB2C6BA57200DEA8BA /* Products */,
			);
			sourceTree = "<group>";
		};
		8823EDCB2C6BA57200DEA8BA /* Products */ = {
			isa = PBXGroup;
			children = (
				8823EDCA2C6BA57200DEA8BA /* Step Tracker.app */,
			);
			name = Products;
			sourceTree = "<group>";
		};
		8823EDCC2C6BA57200DEA8BA /* Step Tracker */ = {
			isa = PBXGroup;
			children = (
				88E1D7452C92DAFE002F3E50 /* Utilities */,
				880D185A2C78CE650045B789 /* Step Tracker.entitlements */,
				8823EDCD2C6BA57200DEA8BA /* Step_TrackerApp.swift */,
				88E0820D2C9076BF00CD8873 /* Manager */,
				88E0820C2C9076B800CD8873 /* Model */,
				88E0820B2C90766900CD8873 /* Charts */,
				88E0820A2C90766100CD8873 /* Screens */,
				8823EDD12C6BA57300DEA8BA /* Assets.xcassets */,
				8823EDD32C6BA57300DEA8BA /* Preview Content */,
			);
			path = "Step Tracker";
			sourceTree = "<group>";
		};
		8823EDD32C6BA57300DEA8BA /* Preview Content */ = {
			isa = PBXGroup;
			children = (
				8823EDD42C6BA57300DEA8BA /* Preview Assets.xcassets */,
			);
			path = "Preview Content";
			sourceTree = "<group>";
		};
		88E0820A2C90766100CD8873 /* Screens */ = {
			isa = PBXGroup;
			children = (
				8823EDCF2C6BA57200DEA8BA /* DashboardView.swift */,
				88FD4DA02C74B255005D3BDB /* HealthKitPermissionPrimingView.swift */,
				885D1DC02C6F4D6A009B6788 /* HealthDataListView.swift */,
			);
			path = Screens;
			sourceTree = "<group>";
		};
		88E0820B2C90766900CD8873 /* Charts */ = {
			isa = PBXGroup;
			children = (
				88E082082C90732100CD8873 /* StepBarChart.swift */,
				88E0821A2C917ED100CD8873 /* StepPieChart.swift */,
				88E0820E2C907D9D00CD8873 /* ChartMath.swift */,
				88E1D7432C92D823002F3E50 /* WeightLineChart.swift */,
				88E082102C907E0B00CD8873 /* ChartDataTypes.swift */,
			);
			path = Charts;
			sourceTree = "<group>";
		};
		88E0820C2C9076B800CD8873 /* Model */ = {
			isa = PBXGroup;
			children = (
				8842E1702C81D64500735DBF /* HealthMetric.swift */,
			);
			path = Model;
			sourceTree = "<group>";
		};
		88E0820D2C9076BF00CD8873 /* Manager */ = {
			isa = PBXGroup;
			children = (
				880D185B2C78CFA70045B789 /* HealthKitManager.swift */,
			);
			path = Manager;
			sourceTree = "<group>";
		};
		88E082122C907F2300CD8873 /* Extensions */ = {
			isa = PBXGroup;
			children = (
				88E082152C907F6200CD8873 /* Date+ext.swift */,
			);
			path = Extensions;
			sourceTree = "<group>";
		};
		88E1D7452C92DAFE002F3E50 /* Utilities */ = {
			isa = PBXGroup;
			children = (
				88E082122C907F2300CD8873 /* Extensions */,
				88E1D7462C92DB13002F3E50 /* MockData.swift */,
			);
			path = Utilities;
			sourceTree = "<group>";
		};
/* End PBXGroup section */

/* Begin PBXNativeTarget section */
		8823EDC92C6BA57200DEA8BA /* Step Tracker */ = {
			isa = PBXNativeTarget;
			buildConfigurationList = 8823EDD82C6BA57300DEA8BA /* Build configuration list for PBXNativeTarget "Step Tracker" */;
			buildPhases = (
				8823EDC62C6BA57200DEA8BA /* Sources */,
				8823EDC72C6BA57200DEA8BA /* Frameworks */,
				8823EDC82C6BA57200DEA8BA /* Resources */,
			);
			buildRules = (
			);
			dependencies = (
			);
			name = "Step Tracker";
			packageProductDependencies = (
				88E082182C91784600CD8873 /* Algorithms */,
			);
			productName = "Step Tracker";
			productReference = 8823EDCA2C6BA57200DEA8BA /* Step Tracker.app */;
			productType = "com.apple.product-type.application";
		};
/* End PBXNativeTarget section */

/* Begin PBXProject section */
		8823EDC22C6BA57200DEA8BA /* Project object */ = {
			isa = PBXProject;
			attributes = {
				BuildIndependentTargetsInParallel = 1;
				LastSwiftUpdateCheck = 1540;
				LastUpgradeCheck = 1540;
				TargetAttributes = {
					8823EDC92C6BA57200DEA8BA = {
						CreatedOnToolsVersion = 15.4;
					};
				};
			};
			buildConfigurationList = 8823EDC52C6BA57200DEA8BA /* Build configuration list for PBXProject "Step Tracker" */;
			compatibilityVersion = "Xcode 14.0";
			developmentRegion = en;
			hasScannedForEncodings = 0;
			knownRegions = (
				en,
				Base,
			);
			mainGroup = 8823EDC12C6BA57200DEA8BA;
			packageReferences = (
				88E082172C91784600CD8873 /* XCRemoteSwiftPackageReference "swift-algorithms" */,
			);
			productRefGroup = 8823EDCB2C6BA57200DEA8BA /* Products */;
			projectDirPath = "";
			projectRoot = "";
			targets = (
				8823EDC92C6BA57200DEA8BA /* Step Tracker */,
			);
		};
/* End PBXProject section */

/* Begin PBXResourcesBuildPhase section */
		8823EDC82C6BA57200DEA8BA /* Resources */ = {
			isa = PBXResourcesBuildPhase;
			buildActionMask = 2147483647;
			files = (
				8823EDD52C6BA57300DEA8BA /* Preview Assets.xcassets in Resources */,
				8823EDD22C6BA57300DEA8BA /* Assets.xcassets in Resources */,
			);
			runOnlyForDeploymentPostprocessing = 0;
		};
/* End PBXResourcesBuildPhase section */

/* Begin PBXSourcesBuildPhase section */
		8823EDC62C6BA57200DEA8BA /* Sources */ = {
			isa = PBXSourcesBuildPhase;
			buildActionMask = 2147483647;
			files = (
				885D1DC12C6F4D6A009B6788 /* HealthDataListView.swift in Sources */,
				8823EDD02C6BA57200DEA8BA /* DashboardView.swift in Sources */,
				88E082092C90732100CD8873 /* StepBarChart.swift in Sources */,
				88E1D7472C92DB13002F3E50 /* MockData.swift in Sources */,
				8823EDCE2C6BA57200DEA8BA /* Step_TrackerApp.swift in Sources */,
				880D185C2C78CFA70045B789 /* HealthKitManager.swift in Sources */,
				88FD4DA12C74B255005D3BDB /* HealthKitPermissionPrimingView.swift in Sources */,
				88E0820F2C907D9D00CD8873 /* ChartMath.swift in Sources */,
				8842E1712C81D64500735DBF /* HealthMetric.swift in Sources */,
				88E082112C907E0B00CD8873 /* ChartDataTypes.swift in Sources */,
				88E0821B2C917ED100CD8873 /* StepPieChart.swift in Sources */,
				88E1D7442C92D823002F3E50 /* WeightLineChart.swift in Sources */,
				88E082162C907F6200CD8873 /* Date+ext.swift in Sources */,
			);
			runOnlyForDeploymentPostprocessing = 0;
		};
/* End PBXSourcesBuildPhase section */

/* Begin XCBuildConfiguration section */
		8823EDD62C6BA57300DEA8BA /* Debug */ = {
			isa = XCBuildConfiguration;
			buildSettings = {
				ALWAYS_SEARCH_USER_PATHS = NO;
				ASSETCATALOG_COMPILER_GENERATE_SWIFT_ASSET_SYMBOL_EXTENSIONS = YES;
				CLANG_ANALYZER_NONNULL = YES;
				CLANG_ANALYZER_NUMBER_OBJECT_CONVERSION = YES_AGGRESSIVE;
				CLANG_CXX_LANGUAGE_STANDARD = "gnu++20";
				CLANG_ENABLE_MODULES = YES;
				CLANG_ENABLE_OBJC_ARC = YES;
				CLANG_ENABLE_OBJC_WEAK = YES;
				CLANG_WARN_BLOCK_CAPTURE_AUTORELEASING = YES;
				CLANG_WARN_BOOL_CONVERSION = YES;
				CLANG_WARN_COMMA = YES;
				CLANG_WARN_CONSTANT_CONVERSION = YES;
				CLANG_WARN_DEPRECATED_OBJC_IMPLEMENTATIONS = YES;
				CLANG_WARN_DIRECT_OBJC_ISA_USAGE = YES_ERROR;
				CLANG_WARN_DOCUMENTATION_COMMENTS = YES;
				CLANG_WARN_EMPTY_BODY = YES;
				CLANG_WARN_ENUM_CONVERSION = YES;
				CLANG_WARN_INFINITE_RECURSION = YES;
				CLANG_WARN_INT_CONVERSION = YES;
				CLANG_WARN_NON_LITERAL_NULL_CONVERSION = YES;
				CLANG_WARN_OBJC_IMPLICIT_RETAIN_SELF = YES;
				CLANG_WARN_OBJC_LITERAL_CONVERSION = YES;
				CLANG_WARN_OBJC_ROOT_CLASS = YES_ERROR;
				CLANG_WARN_QUOTED_INCLUDE_IN_FRAMEWORK_HEADER = YES;
				CLANG_WARN_RANGE_LOOP_ANALYSIS = YES;
				CLANG_WARN_STRICT_PROTOTYPES = YES;
				CLANG_WARN_SUSPICIOUS_MOVE = YES;
				CLANG_WARN_UNGUARDED_AVAILABILITY = YES_AGGRESSIVE;
				CLANG_WARN_UNREACHABLE_CODE = YES;
				CLANG_WARN__DUPLICATE_METHOD_MATCH = YES;
				COPY_PHASE_STRIP = NO;
				DEBUG_INFORMATION_FORMAT = dwarf;
				ENABLE_STRICT_OBJC_MSGSEND = YES;
				ENABLE_TESTABILITY = YES;
				ENABLE_USER_SCRIPT_SANDBOXING = YES;
				GCC_C_LANGUAGE_STANDARD = gnu17;
				GCC_DYNAMIC_NO_PIC = NO;
				GCC_NO_COMMON_BLOCKS = YES;
				GCC_OPTIMIZATION_LEVEL = 0;
				GCC_PREPROCESSOR_DEFINITIONS = (
					"DEBUG=1",
					"$(inherited)",
				);
				GCC_WARN_64_TO_32_BIT_CONVERSION = YES;
				GCC_WARN_ABOUT_RETURN_TYPE = YES_ERROR;
				GCC_WARN_UNDECLARED_SELECTOR = YES;
				GCC_WARN_UNINITIALIZED_AUTOS = YES_AGGRESSIVE;
				GCC_WARN_UNUSED_FUNCTION = YES;
				GCC_WARN_UNUSED_VARIABLE = YES;
				IPHONEOS_DEPLOYMENT_TARGET = 17.5;
				LOCALIZATION_PREFERS_STRING_CATALOGS = YES;
				MTL_ENABLE_DEBUG_INFO = INCLUDE_SOURCE;
				MTL_FAST_MATH = YES;
				ONLY_ACTIVE_ARCH = YES;
				SDKROOT = iphoneos;
				SWIFT_ACTIVE_COMPILATION_CONDITIONS = "DEBUG $(inherited)";
				SWIFT_OPTIMIZATION_LEVEL = "-Onone";
			};
			name = Debug;
		};
		8823EDD72C6BA57300DEA8BA /* Release */ = {
			isa = XCBuildConfiguration;
			buildSettings = {
				ALWAYS_SEARCH_USER_PATHS = NO;
				ASSETCATALOG_COMPILER_GENERATE_SWIFT_ASSET_SYMBOL_EXTENSIONS = YES;
				CLANG_ANALYZER_NONNULL = YES;
				CLANG_ANALYZER_NUMBER_OBJECT_CONVERSION = YES_AGGRESSIVE;
				CLANG_CXX_LANGUAGE_STANDARD = "gnu++20";
				CLANG_ENABLE_MODULES = YES;
				CLANG_ENABLE_OBJC_ARC = YES;
				CLANG_ENABLE_OBJC_WEAK = YES;
				CLANG_WARN_BLOCK_CAPTURE_AUTORELEASING = YES;
				CLANG_WARN_BOOL_CONVERSION = YES;
				CLANG_WARN_COMMA = YES;
				CLANG_WARN_CONSTANT_CONVERSION = YES;
				CLANG_WARN_DEPRECATED_OBJC_IMPLEMENTATIONS = YES;
				CLANG_WARN_DIRECT_OBJC_ISA_USAGE = YES_ERROR;
				CLANG_WARN_DOCUMENTATION_COMMENTS = YES;
				CLANG_WARN_EMPTY_BODY = YES;
				CLANG_WARN_ENUM_CONVERSION = YES;
				CLANG_WARN_INFINITE_RECURSION = YES;
				CLANG_WARN_INT_CONVERSION = YES;
				CLANG_WARN_NON_LITERAL_NULL_CONVERSION = YES;
				CLANG_WARN_OBJC_IMPLICIT_RETAIN_SELF = YES;
				CLANG_WARN_OBJC_LITERAL_CONVERSION = YES;
				CLANG_WARN_OBJC_ROOT_CLASS = YES_ERROR;
				CLANG_WARN_QUOTED_INCLUDE_IN_FRAMEWORK_HEADER = YES;
				CLANG_WARN_RANGE_LOOP_ANALYSIS = YES;
				CLANG_WARN_STRICT_PROTOTYPES = YES;
				CLANG_WARN_SUSPICIOUS_MOVE = YES;
				CLANG_WARN_UNGUARDED_AVAILABILITY = YES_AGGRESSIVE;
				CLANG_WARN_UNREACHABLE_CODE = YES;
				CLANG_WARN__DUPLICATE_METHOD_MATCH = YES;
				COPY_PHASE_STRIP = NO;
				DEBUG_INFORMATION_FORMAT = "dwarf-with-dsym";
				ENABLE_NS_ASSERTIONS = NO;
				ENABLE_STRICT_OBJC_MSGSEND = YES;
				ENABLE_USER_SCRIPT_SANDBOXING = YES;
				GCC_C_LANGUAGE_STANDARD = gnu17;
				GCC_NO_COMMON_BLOCKS = YES;
				GCC_WARN_64_TO_32_BIT_CONVERSION = YES;
				GCC_WARN_ABOUT_RETURN_TYPE = YES_ERROR;
				GCC_WARN_UNDECLARED_SELECTOR = YES;
				GCC_WARN_UNINITIALIZED_AUTOS = YES_AGGRESSIVE;
				GCC_WARN_UNUSED_FUNCTION = YES;
				GCC_WARN_UNUSED_VARIABLE = YES;
				IPHONEOS_DEPLOYMENT_TARGET = 17.5;
				LOCALIZATION_PREFERS_STRING_CATALOGS = YES;
				MTL_ENABLE_DEBUG_INFO = NO;
				MTL_FAST_MATH = YES;
				SDKROOT = iphoneos;
				SWIFT_COMPILATION_MODE = wholemodule;
				VALIDATE_PRODUCT = YES;
			};
			name = Release;
		};
		8823EDD92C6BA57300DEA8BA /* Debug */ = {
			isa = XCBuildConfiguration;
			buildSettings = {
				ASSETCATALOG_COMPILER_APPICON_NAME = AppIcon;
				ASSETCATALOG_COMPILER_GLOBAL_ACCENT_COLOR_NAME = AccentColor;
				CODE_SIGN_ENTITLEMENTS = "Step Tracker/Step Tracker.entitlements";
				CODE_SIGN_STYLE = Automatic;
				CURRENT_PROJECT_VERSION = 1;
				DEVELOPMENT_ASSET_PATHS = "\"Step Tracker/Preview Content\"";
				DEVELOPMENT_TEAM = F6KJ6KKPZT;
				ENABLE_PREVIEWS = YES;
				GENERATE_INFOPLIST_FILE = YES;
				INFOPLIST_KEY_NSHealthShareUsageDescription = "The app shows your step and weight data in an interactive chart.";
				INFOPLIST_KEY_NSHealthUpdateUsageDescription = "The app allows you to add step and weight data to Apple Health.";
				INFOPLIST_KEY_UIApplicationSceneManifest_Generation = YES;
				INFOPLIST_KEY_UIApplicationSupportsIndirectInputEvents = YES;
				INFOPLIST_KEY_UILaunchScreen_Generation = YES;
				INFOPLIST_KEY_UISupportedInterfaceOrientations_iPad = "UIInterfaceOrientationPortrait UIInterfaceOrientationPortraitUpsideDown UIInterfaceOrientationLandscapeLeft UIInterfaceOrientationLandscapeRight";
				INFOPLIST_KEY_UISupportedInterfaceOrientations_iPhone = "UIInterfaceOrientationPortrait UIInterfaceOrientationLandscapeLeft UIInterfaceOrientationLandscapeRight";
				LD_RUNPATH_SEARCH_PATHS = (
					"$(inherited)",
					"@executable_path/Frameworks",
				);
				MARKETING_VERSION = 1.0;
				PRODUCT_BUNDLE_IDENTIFIER = "com.example.Step-Tracker";
				PRODUCT_NAME = "$(TARGET_NAME)";
				SWIFT_EMIT_LOC_STRINGS = YES;
				SWIFT_VERSION = 5.0;
				TARGETED_DEVICE_FAMILY = "1,2";
			};
			name = Debug;
		};
		8823EDDA2C6BA57300DEA8BA /* Release */ = {
			isa = XCBuildConfiguration;
			buildSettings = {
				ASSETCATALOG_COMPILER_APPICON_NAME = AppIcon;
				ASSETCATALOG_COMPILER_GLOBAL_ACCENT_COLOR_NAME = AccentColor;
				CODE_SIGN_ENTITLEMENTS = "Step Tracker/Step Tracker.entitlements";
				CODE_SIGN_STYLE = Automatic;
				CURRENT_PROJECT_VERSION = 1;
				DEVELOPMENT_ASSET_PATHS = "\"Step Tracker/Preview Content\"";
				DEVELOPMENT_TEAM = F6KJ6KKPZT;
				ENABLE_PREVIEWS = YES;
				GENERATE_INFOPLIST_FILE = YES;
				INFOPLIST_KEY_NSHealthShareUsageDescription = "The app shows your step and weight data in an interactive chart.";
				INFOPLIST_KEY_NSHealthUpdateUsageDescription = "The app allows you to add step and weight data to Apple Health.";
				INFOPLIST_KEY_UIApplicationSceneManifest_Generation = YES;
				INFOPLIST_KEY_UIApplicationSupportsIndirectInputEvents = YES;
				INFOPLIST_KEY_UILaunchScreen_Generation = YES;
				INFOPLIST_KEY_UISupportedInterfaceOrientations_iPad = "UIInterfaceOrientationPortrait UIInterfaceOrientationPortraitUpsideDown UIInterfaceOrientationLandscapeLeft UIInterfaceOrientationLandscapeRight";
				INFOPLIST_KEY_UISupportedInterfaceOrientations_iPhone = "UIInterfaceOrientationPortrait UIInterfaceOrientationLandscapeLeft UIInterfaceOrientationLandscapeRight";
				LD_RUNPATH_SEARCH_PATHS = (
					"$(inherited)",
					"@executable_path/Frameworks",
				);
				MARKETING_VERSION = 1.0;
				PRODUCT_BUNDLE_IDENTIFIER = "com.example.Step-Tracker";
				PRODUCT_NAME = "$(TARGET_NAME)";
				SWIFT_EMIT_LOC_STRINGS = YES;
				SWIFT_VERSION = 5.0;
				TARGETED_DEVICE_FAMILY = "1,2";
			};
			name = Release;
		};
/* End XCBuildConfiguration section */

/* Begin XCConfigurationList section */
		8823EDC52C6BA57200DEA8BA /* Build configuration list for PBXProject "Step Tracker" */ = {
			isa = XCConfigurationList;
			buildConfigurations = (
				8823EDD62C6BA57300DEA8BA /* Debug */,
				8823EDD72C6BA57300DEA8BA /* Release */,
			);
			defaultConfigurationIsVisible = 0;
			defaultConfigurationName = Release;
		};
		8823EDD82C6BA57300DEA8BA /* Build configuration list for PBXNativeTarget "Step Tracker" */ = {
			isa = XCConfigurationList;
			buildConfigurations = (
				8823EDD92C6BA57300DEA8BA /* Debug */,
				8823EDDA2C6BA57300DEA8BA /* Release */,
			);
			defaultConfigurationIsVisible = 0;
			defaultConfigurationName = Release;
		};
/* End XCConfigurationList section */

/* Begin XCRemoteSwiftPackageReference section */
		88E082172C91784600CD8873 /* XCRemoteSwiftPackageReference "swift-algorithms" */ = {
			isa = XCRemoteSwiftPackageReference;
			repositoryURL = "https://github.com/apple/swift-algorithms.git";
			requirement = {
				kind = upToNextMajorVersion;
				minimumVersion = 1.2.0;
			};
		};
/* End XCRemoteSwiftPackageReference section */

/* Begin XCSwiftPackageProductDependency section */
		88E082182C91784600CD8873 /* Algorithms */ = {
			isa = XCSwiftPackageProductDependency;
			package = 88E082172C91784600CD8873 /* XCRemoteSwiftPackageReference "swift-algorithms" */;
			productName = Algorithms;
		};
/* End XCSwiftPackageProductDependency section */
	};
	rootObject = 8823EDC22C6BA57200DEA8BA /* Project object */;
}
